
Microsoft Visual Studio Solution File, Format Version 12.00
# Visual Studio Version 17
VisualStudioVersion = 17.0.31903.59
MinimumVisualStudioVersion = 10.0.40219.1
Project("{2150E333-8FDC-42A3-9474-1A3956D46DE8}") = "src", "src", "{827E0CD3-B72D-47B6-A68D-7590B98EB39B}"
EndProject
Project("{FAE04EC0-301F-11D3-BF4B-00C04F79EFBC}") = "WhatsAppBot.Api", "src\WhatsAppBot.Api\WhatsAppBot.Api.csproj", "{ABB1C97F-5F8D-44F7-A46F-915EEECD521B}"
EndProject
Project("{FAE04EC0-301F-11D3-BF4B-00C04F79EFBC}") = "WhatsAppBot.Admin", "src\WhatsAppBot.Admin\WhatsAppBot.Admin.csproj", "{990003AE-41D2-4F43-9475-A79DB222F6BE}"
EndProject
Project("{FAE04EC0-301F-11D3-BF4B-00C04F79EFBC}") = "WhatsAppBot.Shared", "src\WhatsAppBot.Shared\WhatsAppBot.Shared.csproj", "{6CE4FDFD-B655-4464-872F-AA2470511722}"
EndProject
Project("{2150E333-8FDC-42A3-9474-1A3956D46DE8}") = "tests", "tests", "{0AB3BF05-4346-4AA6-1389-037BE0695223}"
EndProject
Project("{FAE04EC0-301F-11D3-BF4B-00C04F79EFBC}") = "WhatsAppBot.Business.Tests", "tests\WhatsAppBot.Business.Tests\WhatsAppBot.Business.Tests.csproj", "{E87B4D5B-11A0-4BB0-B931-899CFE587A89}"
EndProject
Project("{FAE04EC0-301F-11D3-BF4B-00C04F79EFBC}") = "WhatsAppBot.Persistence.Tests", "tests\WhatsAppBot.Persistence.Tests\WhatsAppBot.Persistence.Tests.csproj", "{EB4F4B8C-814D-41F3-979B-1F7553ED3695}"
EndProject
Project("{FAE04EC0-301F-11D3-BF4B-00C04F79EFBC}") = "WhatsAppBot.Api.ContractTests", "tests\WhatsAppBot.Api.ContractTests\WhatsAppBot.Api.ContractTests.csproj", "{D2FAF23F-FFEA-4653-A74C-13C2371FECD4}"
EndProject
Project("{FAE04EC0-301F-11D3-BF4B-00C04F79EFBC}") = "WhatsAppBot.Integrations.Tests", "tests\WhatsAppBot.Integrations.Tests\WhatsAppBot.Integrations.Tests.csproj", "{9C4434F2-91D0-4DCA-A913-CFBB8722F452}"
EndProject
Global
	GlobalSection(SolutionConfigurationPlatforms) = preSolution
		Debug|Any CPU = Debug|Any CPU
		Debug|x64 = Debug|x64
		Debug|x86 = Debug|x86
		Release|Any CPU = Release|Any CPU
		Release|x64 = Release|x64
		Release|x86 = Release|x86
	EndGlobalSection
	GlobalSection(ProjectConfigurationPlatforms) = postSolution
		{ABB1C97F-5F8D-44F7-A46F-915EEECD521B}.Debug|Any CPU.ActiveCfg = Debug|Any CPU
		{ABB1C97F-5F8D-44F7-A46F-915EEECD521B}.Debug|Any CPU.Build.0 = Debug|Any CPU
		{ABB1C97F-5F8D-44F7-A46F-915EEECD521B}.Debug|x64.ActiveCfg = Debug|Any CPU
		{ABB1C97F-5F8D-44F7-A46F-915EEECD521B}.Debug|x64.Build.0 = Debug|Any CPU
		{ABB1C97F-5F8D-44F7-A46F-915EEECD521B}.Debug|x86.ActiveCfg = Debug|Any CPU
		{ABB1C97F-5F8D-44F7-A46F-915EEECD521B}.Debug|x86.Build.0 = Debug|Any CPU
		{ABB1C97F-5F8D-44F7-A46F-915EEECD521B}.Release|Any CPU.ActiveCfg = Release|Any CPU
		{ABB1C97F-5F8D-44F7-A46F-915EEECD521B}.Release|Any CPU.Build.0 = Release|Any CPU
		{ABB1C97F-5F8D-44F7-A46F-915EEECD521B}.Release|x64.ActiveCfg = Release|Any CPU
		{ABB1C97F-5F8D-44F7-A46F-915EEECD521B}.Release|x64.Build.0 = Release|Any CPU
		{ABB1C97F-5F8D-44F7-A46F-915EEECD521B}.Release|x86.ActiveCfg = Release|Any CPU
		{ABB1C97F-5F8D-44F7-A46F-915EEECD521B}.Release|x86.Build.0 = Release|Any CPU
		{990003AE-41D2-4F43-9475-A79DB222F6BE}.Debug|Any CPU.ActiveCfg = Debug|Any CPU
		{990003AE-41D2-4F43-9475-A79DB222F6BE}.Debug|Any CPU.Build.0 = Debug|Any CPU
		{990003AE-41D2-4F43-9475-A79DB222F6BE}.Debug|x64.ActiveCfg = Debug|Any CPU
		{990003AE-41D2-4F43-9475-A79DB222F6BE}.Debug|x64.Build.0 = Debug|Any CPU
		{990003AE-41D2-4F43-9475-A79DB222F6BE}.Debug|x86.ActiveCfg = Debug|Any CPU
		{990003AE-41D2-4F43-9475-A79DB222F6BE}.Debug|x86.Build.0 = Debug|Any CPU
		{990003AE-41D2-4F43-9475-A79DB222F6BE}.Release|Any CPU.ActiveCfg = Release|Any CPU
		{990003AE-41D2-4F43-9475-A79DB222F6BE}.Release|Any CPU.Build.0 = Release|Any CPU
		{990003AE-41D2-4F43-9475-A79DB222F6BE}.Release|x64.ActiveCfg = Release|Any CPU
		{990003AE-41D2-4F43-9475-A79DB222F6BE}.Release|x64.Build.0 = Release|Any CPU
		{990003AE-41D2-4F43-9475-A79DB222F6BE}.Release|x86.ActiveCfg = Release|Any CPU
		{990003AE-41D2-4F43-9475-A79DB222F6BE}.Release|x86.Build.0 = Release|Any CPU
		{6CE4FDFD-B655-4464-872F-AA2470511722}.Debug|Any CPU.ActiveCfg = Debug|Any CPU
		{6CE4FDFD-B655-4464-872F-AA2470511722}.Debug|Any CPU.Build.0 = Debug|Any CPU
		{6CE4FDFD-B655-4464-872F-AA2470511722}.Debug|x64.ActiveCfg = Debug|Any CPU
		{6CE4FDFD-B655-4464-872F-AA2470511722}.Debug|x64.Build.0 = Debug|Any CPU
		{6CE4FDFD-B655-4464-872F-AA2470511722}.Debug|x86.ActiveCfg = Debug|Any CPU
		{6CE4FDFD-B655-4464-872F-AA2470511722}.Debug|x86.Build.0 = Debug|Any CPU
		{6CE4FDFD-B655-4464-872F-AA2470511722}.Release|Any CPU.ActiveCfg = Release|Any CPU
		{6CE4FDFD-B655-4464-872F-AA2470511722}.Release|Any CPU.Build.0 = Release|Any CPU
		{6CE4FDFD-B655-4464-872F-AA2470511722}.Release|x64.ActiveCfg = Release|Any CPU
		{6CE4FDFD-B655-4464-872F-AA2470511722}.Release|x64.Build.0 = Release|Any CPU
		{6CE4FDFD-B655-4464-872F-AA2470511722}.Release|x86.ActiveCfg = Release|Any CPU
		{6CE4FDFD-B655-4464-872F-AA2470511722}.Release|x86.Build.0 = Release|Any CPU
		{E87B4D5B-11A0-4BB0-B931-899CFE587A89}.Debug|Any CPU.ActiveCfg = Debug|Any CPU
		{E87B4D5B-11A0-4BB0-B931-899CFE587A89}.Debug|Any CPU.Build.0 = Debug|Any CPU
		{E87B4D5B-11A0-4BB0-B931-899CFE587A89}.Debug|x64.ActiveCfg = Debug|Any CPU
		{E87B4D5B-11A0-4BB0-B931-899CFE587A89}.Debug|x64.Build.0 = Debug|Any CPU
		{E87B4D5B-11A0-4BB0-B931-899CFE587A89}.Debug|x86.ActiveCfg = Debug|Any CPU
		{E87B4D5B-11A0-4BB0-B931-899CFE587A89}.Debug|x86.Build.0 = Debug|Any CPU
		{E87B4D5B-11A0-4BB0-B931-899CFE587A89}.Release|Any CPU.ActiveCfg = Release|Any CPU
		{E87B4D5B-11A0-4BB0-B931-899CFE587A89}.Release|Any CPU.Build.0 = Release|Any CPU
		{E87B4D5B-11A0-4BB0-B931-899CFE587A89}.Release|x64.ActiveCfg = Release|Any CPU
		{E87B4D5B-11A0-4BB0-B931-899CFE587A89}.Release|x64.Build.0 = Release|Any CPU
		{E87B4D5B-11A0-4BB0-B931-899CFE587A89}.Release|x86.ActiveCfg = Release|Any CPU
		{E87B4D5B-11A0-4BB0-B931-899CFE587A89}.Release|x86.Build.0 = Release|Any CPU
		{EB4F4B8C-814D-41F3-979B-1F7553ED3695}.Debug|Any CPU.ActiveCfg = Debug|Any CPU
		{EB4F4B8C-814D-41F3-979B-1F7553ED3695}.Debug|Any CPU.Build.0 = Debug|Any CPU
		{EB4F4B8C-814D-41F3-979B-1F7553ED3695}.Debug|x64.ActiveCfg = Debug|Any CPU
		{EB4F4B8C-814D-41F3-979B-1F7553ED3695}.Debug|x64.Build.0 = Debug|Any CPU
		{EB4F4B8C-814D-41F3-979B-1F7553ED3695}.Debug|x86.ActiveCfg = Debug|Any CPU
		{EB4F4B8C-814D-41F3-979B-1F7553ED3695}.Debug|x86.Build.0 = Debug|Any CPU
		{EB4F4B8C-814D-41F3-979B-1F7553ED3695}.Release|Any CPU.ActiveCfg = Release|Any CPU
		{EB4F4B8C-814D-41F3-979B-1F7553ED3695}.Release|Any CPU.Build.0 = Release|Any CPU
		{EB4F4B8C-814D-41F3-979B-1F7553ED3695}.Release|x64.ActiveCfg = Release|Any CPU
		{EB4F4B8C-814D-41F3-979B-1F7553ED3695}.Release|x64.Build.0 = Release|Any CPU
		{EB4F4B8C-814D-41F3-979B-1F7553ED3695}.Release|x86.ActiveCfg = Release|Any CPU
		{EB4F4B8C-814D-41F3-979B-1F7553ED3695}.Release|x86.Build.0 = Release|Any CPU
		{D2FAF23F-FFEA-4653-A74C-13C2371FECD4}.Debug|Any CPU.ActiveCfg = Debug|Any CPU
		{D2FAF23F-FFEA-4653-A74C-13C2371FECD4}.Debug|Any CPU.Build.0 = Debug|Any CPU
		{D2FAF23F-FFEA-4653-A74C-13C2371FECD4}.Debug|x64.ActiveCfg = Debug|Any CPU
		{D2FAF23F-FFEA-4653-A74C-13C2371FECD4}.Debug|x64.Build.0 = Debug|Any CPU
		{D2FAF23F-FFEA-4653-A74C-13C2371FECD4}.Debug|x86.ActiveCfg = Debug|Any CPU
		{D2FAF23F-FFEA-4653-A74C-13C2371FECD4}.Debug|x86.Build.0 = Debug|Any CPU
		{D2FAF23F-FFEA-4653-A74C-13C2371FECD4}.Release|Any CPU.ActiveCfg = Release|Any CPU
		{D2FAF23F-FFEA-4653-A74C-13C2371FECD4}.Release|Any CPU.Build.0 = Release|Any CPU
		{D2FAF23F-FFEA-4653-A74C-13C2371FECD4}.Release|x64.ActiveCfg = Release|Any CPU
		{D2FAF23F-FFEA-4653-A74C-13C2371FECD4}.Release|x64.Build.0 = Release|Any CPU
		{D2FAF23F-FFEA-4653-A74C-13C2371FECD4}.Release|x86.ActiveCfg = Release|Any CPU
		{D2FAF23F-FFEA-4653-A74C-13C2371FECD4}.Release|x86.Build.0 = Release|Any CPU
		{9C4434F2-91D0-4DCA-A913-CFBB8722F452}.Debug|Any CPU.ActiveCfg = Debug|Any CPU
		{9C4434F2-91D0-4DCA-A913-CFBB8722F452}.Debug|Any CPU.Build.0 = Debug|Any CPU
		{9C4434F2-91D0-4DCA-A913-CFBB8722F452}.Debug|x64.ActiveCfg = Debug|Any CPU
		{9C4434F2-91D0-4DCA-A913-CFBB8722F452}.Debug|x64.Build.0 = Debug|Any CPU
		{9C4434F2-91D0-4DCA-A913-CFBB8722F452}.Debug|x86.ActiveCfg = Debug|Any CPU
		{9C4434F2-91D0-4DCA-A913-CFBB8722F452}.Debug|x86.Build.0 = Debug|Any CPU
		{9C4434F2-91D0-4DCA-A913-CFBB8722F452}.Release|Any CPU.ActiveCfg = Release|Any CPU
		{9C4434F2-91D0-4DCA-A913-CFBB8722F452}.Release|Any CPU.Build.0 = Release|Any CPU
		{9C4434F2-91D0-4DCA-A913-CFBB8722F452}.Release|x64.ActiveCfg = Release|Any CPU
		{9C4434F2-91D0-4DCA-A913-CFBB8722F452}.Release|x64.Build.0 = Release|Any CPU
		{9C4434F2-91D0-4DCA-A913-CFBB8722F452}.Release|x86.ActiveCfg = Release|Any CPU
		{9C4434F2-91D0-4DCA-A913-CFBB8722F452}.Release|x86.Build.0 = Release|Any CPU
	EndGlobalSection
	GlobalSection(SolutionProperties) = preSolution
		HideSolutionNode = FALSE
	EndGlobalSection
	GlobalSection(NestedProjects) = preSolution
		{ABB1C97F-5F8D-44F7-A46F-915EEECD521B} = {827E0CD3-B72D-47B6-A68D-7590B98EB39B}
		{990003AE-41D2-4F43-9475-A79DB222F6BE} = {827E0CD3-B72D-47B6-A68D-7590B98EB39B}
		{6CE4FDFD-B655-4464-872F-AA2470511722} = {827E0CD3-B72D-47B6-A68D-7590B98EB39B}
		{E87B4D5B-11A0-4BB0-B931-899CFE587A89} = {0AB3BF05-4346-4AA6-1389-037BE0695223}
		{EB4F4B8C-814D-41F3-979B-1F7553ED3695} = {0AB3BF05-4346-4AA6-1389-037BE0695223}
		{D2FAF23F-FFEA-4653-A74C-13C2371FECD4} = {0AB3BF05-4346-4AA6-1389-037BE0695223}
		{9C4434F2-91D0-4DCA-A913-CFBB8722F452} = {0AB3BF05-4346-4AA6-1389-037BE0695223}
	EndGlobalSection
EndGlobal
